
Microsoft Visual Studio Solution File, Format Version 12.00
# Visual Studio Version 16
VisualStudioVersion = 16.0.28803.156
MinimumVisualStudioVersion = 10.0.40219.1
Project("{FAE04EC0-301F-11D3-BF4B-00C04F79EFBC}") = "NotificationSender", "NotificationSender\NotificationSender.csproj", "{CA16A88B-1797-40D9-885A-B0808ACAD5B8}"
EndProject
Global
	GlobalSection(SolutionConfigurationPlatforms) = preSolution
		Debug|Any CPU = Debug|Any CPU
		Release|Any CPU = Release|Any CPU
	EndGlobalSection
	GlobalSection(ProjectConfigurationPlatforms) = postSolution
		{CA16A88B-1797-40D9-885A-B0808ACAD5B8}.Debug|Any CPU.ActiveCfg = Debug|Any CPU
		{CA16A88B-1797-40D9-885A-B0808ACAD5B8}.Debug|Any CPU.Build.0 = Debug|Any CPU
		{CA16A88B-1797-40D9-885A-B0808ACAD5B8}.Release|Any CPU.ActiveCfg = Release|Any CPU
		{CA16A88B-1797-40D9-885A-B0808ACAD5B8}.Release|Any CPU.Build.0 = Release|Any CPU
	EndGlobalSection
	GlobalSection(SolutionProperties) = preSolution
		HideSolutionNode = FALSE
	EndGlobalSection
	GlobalSection(ExtensibilityGlobals) = postSolution
		SolutionGuid = {37A50F44-A1DB-4FD0-935B-C1B37F34FA2E}
	EndGlobalSection
EndGlobal
